// !$*UTF8*$!
{
	archiveVersion = 1;
	classes = {
	};
	objectVersion = 56;
	objects = {

/* Begin PBXBuildFile section */
		5136EF88294E0792002D8C75 /* OverflowApp.swift in Sources */ = {isa = PBXBuildFile; fileRef = 5136EF87294E0792002D8C75 /* OverflowApp.swift */; };
		5136EF8A294E0792002D8C75 /* ContentView.swift in Sources */ = {isa = PBXBuildFile; fileRef = 5136EF89294E0792002D8C75 /* ContentView.swift */; };
		5136EF8C294E0795002D8C75 /* Assets.xcassets in Resources */ = {isa = PBXBuildFile; fileRef = 5136EF8B294E0795002D8C75 /* Assets.xcassets */; };
		5136EF8F294E0795002D8C75 /* Preview Assets.xcassets in Resources */ = {isa = PBXBuildFile; fileRef = 5136EF8E294E0795002D8C75 /* Preview Assets.xcassets */; };
		5136EF96294E149F002D8C75 /* GameOptionElement.swift in Sources */ = {isa = PBXBuildFile; fileRef = 5136EF95294E149F002D8C75 /* GameOptionElement.swift */; };
		5136EF98294E18E9002D8C75 /* MainGameView.swift in Sources */ = {isa = PBXBuildFile; fileRef = 5136EF97294E18E9002D8C75 /* MainGameView.swift */; };
		5136EF9A294E2755002D8C75 /* TotorialPageModel.swift in Sources */ = {isa = PBXBuildFile; fileRef = 5136EF99294E2755002D8C75 /* TotorialPageModel.swift */; };
		5136EF9C294EFA96002D8C75 /* TutorialPageView.swift in Sources */ = {isa = PBXBuildFile; fileRef = 5136EF9B294EFA96002D8C75 /* TutorialPageView.swift */; };
		5136EF9E294EFCF2002D8C75 /* TutorialView.swift in Sources */ = {isa = PBXBuildFile; fileRef = 5136EF9D294EFCF2002D8C75 /* TutorialView.swift */; };
		5136EFA0294F3728002D8C75 /* GameOptionModel.swift in Sources */ = {isa = PBXBuildFile; fileRef = 5136EF9F294F3728002D8C75 /* GameOptionModel.swift */; };
		5136EFA2294F3844002D8C75 /* DefaultGameModes.json in Resources */ = {isa = PBXBuildFile; fileRef = 5136EFA1294F3843002D8C75 /* DefaultGameModes.json */; };
		5136EFA4294F38CB002D8C75 /* JsonDecoder.swift in Sources */ = {isa = PBXBuildFile; fileRef = 5136EFA3294F38CB002D8C75 /* JsonDecoder.swift */; };
		5136EFA6294F3FE2002D8C75 /* SecondGameView.swift in Sources */ = {isa = PBXBuildFile; fileRef = 5136EFA5294F3FE2002D8C75 /* SecondGameView.swift */; };
		5136EFA82950A3A4002D8C75 /* VesselView.swift in Sources */ = {isa = PBXBuildFile; fileRef = 5136EFA72950A3A4002D8C75 /* VesselView.swift */; };
		5136EFAA2950D876002D8C75 /* WaterFlowModel.swift in Sources */ = {isa = PBXBuildFile; fileRef = 5136EFA92950D875002D8C75 /* WaterFlowModel.swift */; };
/* End PBXBuildFile section */

/* Begin PBXFileReference section */
		5136EF84294E0792002D8C75 /* Overflow.app */ = {isa = PBXFileReference; explicitFileType = wrapper.application; includeInIndex = 0; path = Overflow.app; sourceTree = BUILT_PRODUCTS_DIR; };
		5136EF87294E0792002D8C75 /* OverflowApp.swift */ = {isa = PBXFileReference; lastKnownFileType = sourcecode.swift; path = OverflowApp.swift; sourceTree = "<group>"; };
		5136EF89294E0792002D8C75 /* ContentView.swift */ = {isa = PBXFileReference; lastKnownFileType = sourcecode.swift; path = ContentView.swift; sourceTree = "<group>"; };
		5136EF8B294E0795002D8C75 /* Assets.xcassets */ = {isa = PBXFileReference; lastKnownFileType = folder.assetcatalog; path = Assets.xcassets; sourceTree = "<group>"; };
		5136EF8E294E0795002D8C75 /* Preview Assets.xcassets */ = {isa = PBXFileReference; lastKnownFileType = folder.assetcatalog; path = "Preview Assets.xcassets"; sourceTree = "<group>"; };
		5136EF95294E149F002D8C75 /* GameOptionElement.swift */ = {isa = PBXFileReference; lastKnownFileType = sourcecode.swift; path = GameOptionElement.swift; sourceTree = "<group>"; };
		5136EF97294E18E9002D8C75 /* MainGameView.swift */ = {isa = PBXFileReference; lastKnownFileType = sourcecode.swift; path = MainGameView.swift; sourceTree = "<group>"; };
		5136EF99294E2755002D8C75 /* TotorialPageModel.swift */ = {isa = PBXFileReference; lastKnownFileType = sourcecode.swift; path = TotorialPageModel.swift; sourceTree = "<group>"; };
		5136EF9B294EFA96002D8C75 /* TutorialPageView.swift */ = {isa = PBXFileReference; lastKnownFileType = sourcecode.swift; path = TutorialPageView.swift; sourceTree = "<group>"; };
		5136EF9D294EFCF2002D8C75 /* TutorialView.swift */ = {isa = PBXFileReference; lastKnownFileType = sourcecode.swift; path = TutorialView.swift; sourceTree = "<group>"; };
		5136EF9F294F3728002D8C75 /* GameOptionModel.swift */ = {isa = PBXFileReference; lastKnownFileType = sourcecode.swift; path = GameOptionModel.swift; sourceTree = "<group>"; };
		5136EFA1294F3843002D8C75 /* DefaultGameModes.json */ = {isa = PBXFileReference; fileEncoding = 4; lastKnownFileType = text.json; path = DefaultGameModes.json; sourceTree = "<group>"; };
		5136EFA3294F38CB002D8C75 /* JsonDecoder.swift */ = {isa = PBXFileReference; lastKnownFileType = sourcecode.swift; path = JsonDecoder.swift; sourceTree = "<group>"; };
		5136EFA5294F3FE2002D8C75 /* SecondGameView.swift */ = {isa = PBXFileReference; lastKnownFileType = sourcecode.swift; path = SecondGameView.swift; sourceTree = "<group>"; };
		5136EFA72950A3A4002D8C75 /* VesselView.swift */ = {isa = PBXFileReference; lastKnownFileType = sourcecode.swift; path = VesselView.swift; sourceTree = "<group>"; };
		5136EFA92950D875002D8C75 /* WaterFlowModel.swift */ = {isa = PBXFileReference; lastKnownFileType = sourcecode.swift; path = WaterFlowModel.swift; sourceTree = "<group>"; };
/* End PBXFileReference section */

/* Begin PBXFrameworksBuildPhase section */
		5136EF81294E0792002D8C75 /* Frameworks */ = {
			isa = PBXFrameworksBuildPhase;
			buildActionMask = 2147483647;
			files = (
			);
			runOnlyForDeploymentPostprocessing = 0;
		};
/* End PBXFrameworksBuildPhase section */

/* Begin PBXGroup section */
		5136EF7B294E0792002D8C75 = {
			isa = PBXGroup;
			children = (
				5136EF86294E0792002D8C75 /* Overflow */,
				5136EF85294E0792002D8C75 /* Products */,
			);
			sourceTree = "<group>";
		};
		5136EF85294E0792002D8C75 /* Products */ = {
			isa = PBXGroup;
			children = (
				5136EF84294E0792002D8C75 /* Overflow.app */,
			);
			name = Products;
			sourceTree = "<group>";
		};
		5136EF86294E0792002D8C75 /* Overflow */ = {
			isa = PBXGroup;
			children = (
				5136EF87294E0792002D8C75 /* OverflowApp.swift */,
				5136EF89294E0792002D8C75 /* ContentView.swift */,
				5136EF95294E149F002D8C75 /* GameOptionElement.swift */,
				5136EF9F294F3728002D8C75 /* GameOptionModel.swift */,
				5136EFA1294F3843002D8C75 /* DefaultGameModes.json */,
				5136EFA3294F38CB002D8C75 /* JsonDecoder.swift */,
				5136EF99294E2755002D8C75 /* TotorialPageModel.swift */,
				5136EF9B294EFA96002D8C75 /* TutorialPageView.swift */,
				5136EF9D294EFCF2002D8C75 /* TutorialView.swift */,
				5136EFA72950A3A4002D8C75 /* VesselView.swift */,
				5136EFA92950D875002D8C75 /* WaterFlowModel.swift */,
				5136EF97294E18E9002D8C75 /* MainGameView.swift */,
				5136EFA5294F3FE2002D8C75 /* SecondGameView.swift */,
				5136EF8B294E0795002D8C75 /* Assets.xcassets */,
				5136EF8D294E0795002D8C75 /* Preview Content */,
			);
			path = Overflow;
			sourceTree = "<group>";
		};
		5136EF8D294E0795002D8C75 /* Preview Content */ = {
			isa = PBXGroup;
			children = (
				5136EF8E294E0795002D8C75 /* Preview Assets.xcassets */,
			);
			path = "Preview Content";
			sourceTree = "<group>";
		};
/* End PBXGroup section */

/* Begin PBXNativeTarget section */
		5136EF83294E0792002D8C75 /* Overflow */ = {
			isa = PBXNativeTarget;
			buildConfigurationList = 5136EF92294E0795002D8C75 /* Build configuration list for PBXNativeTarget "Overflow" */;
			buildPhases = (
				5136EF80294E0792002D8C75 /* Sources */,
				5136EF81294E0792002D8C75 /* Frameworks */,
				5136EF82294E0792002D8C75 /* Resources */,
			);
			buildRules = (
			);
			dependencies = (
			);
			name = Overflow;
			productName = Overflow;
			productReference = 5136EF84294E0792002D8C75 /* Overflow.app */;
			productType = "com.apple.product-type.application";
		};
/* End PBXNativeTarget section */

/* Begin PBXProject section */
		5136EF7C294E0792002D8C75 /* Project object */ = {
			isa = PBXProject;
			attributes = {
				BuildIndependentTargetsInParallel = 1;
				LastSwiftUpdateCheck = 1400;
				LastUpgradeCheck = 1400;
				TargetAttributes = {
					5136EF83294E0792002D8C75 = {
						CreatedOnToolsVersion = 14.0.1;
					};
				};
			};
			buildConfigurationList = 5136EF7F294E0792002D8C75 /* Build configuration list for PBXProject "Overflow" */;
			compatibilityVersion = "Xcode 14.0";
			developmentRegion = en;
			hasScannedForEncodings = 0;
			knownRegions = (
				en,
				Base,
			);
			mainGroup = 5136EF7B294E0792002D8C75;
			productRefGroup = 5136EF85294E0792002D8C75 /* Products */;
			projectDirPath = "";
			projectRoot = "";
			targets = (
				5136EF83294E0792002D8C75 /* Overflow */,
			);
		};
/* End PBXProject section */

/* Begin PBXResourcesBuildPhase section */
		5136EF82294E0792002D8C75 /* Resources */ = {
			isa = PBXResourcesBuildPhase;
			buildActionMask = 2147483647;
			files = (
				5136EFA2294F3844002D8C75 /* DefaultGameModes.json in Resources */,
				5136EF8F294E0795002D8C75 /* Preview Assets.xcassets in Resources */,
				5136EF8C294E0795002D8C75 /* Assets.xcassets in Resources */,
			);
			runOnlyForDeploymentPostprocessing = 0;
		};
/* End PBXResourcesBuildPhase section */

/* Begin PBXSourcesBuildPhase section */
		5136EF80294E0792002D8C75 /* Sources */ = {
			isa = PBXSourcesBuildPhase;
			buildActionMask = 2147483647;
			files = (
				5136EFA6294F3FE2002D8C75 /* SecondGameView.swift in Sources */,
				5136EF9E294EFCF2002D8C75 /* TutorialView.swift in Sources */,
				5136EF8A294E0792002D8C75 /* ContentView.swift in Sources */,
				5136EFA4294F38CB002D8C75 /* JsonDecoder.swift in Sources */,
				5136EF9C294EFA96002D8C75 /* TutorialPageView.swift in Sources */,
				5136EF9A294E2755002D8C75 /* TotorialPageModel.swift in Sources */,
				5136EFA0294F3728002D8C75 /* GameOptionModel.swift in Sources */,
				5136EF96294E149F002D8C75 /* GameOptionElement.swift in Sources */,
				5136EFAA2950D876002D8C75 /* WaterFlowModel.swift in Sources */,
				5136EF88294E0792002D8C75 /* OverflowApp.swift in Sources */,
				5136EFA82950A3A4002D8C75 /* VesselView.swift in Sources */,
				5136EF98294E18E9002D8C75 /* MainGameView.swift in Sources */,
			);
			runOnlyForDeploymentPostprocessing = 0;
		};
/* End PBXSourcesBuildPhase section */

/* Begin XCBuildConfiguration section */
		5136EF90294E0795002D8C75 /* Debug */ = {
			isa = XCBuildConfiguration;
			buildSettings = {
				ALWAYS_SEARCH_USER_PATHS = NO;
				CLANG_ANALYZER_NONNULL = YES;
				CLANG_ANALYZER_NUMBER_OBJECT_CONVERSION = YES_AGGRESSIVE;
				CLANG_CXX_LANGUAGE_STANDARD = "gnu++20";
				CLANG_ENABLE_MODULES = YES;
				CLANG_ENABLE_OBJC_ARC = YES;
				CLANG_ENABLE_OBJC_WEAK = YES;
				CLANG_WARN_BLOCK_CAPTURE_AUTORELEASING = YES;
				CLANG_WARN_BOOL_CONVERSION = YES;
				CLANG_WARN_COMMA = YES;
				CLANG_WARN_CONSTANT_CONVERSION = YES;
				CLANG_WARN_DEPRECATED_OBJC_IMPLEMENTATIONS = YES;
				CLANG_WARN_DIRECT_OBJC_ISA_USAGE = YES_ERROR;
				CLANG_WARN_DOCUMENTATION_COMMENTS = YES;
				CLANG_WARN_EMPTY_BODY = YES;
				CLANG_WARN_ENUM_CONVERSION = YES;
				CLANG_WARN_INFINITE_RECURSION = YES;
				CLANG_WARN_INT_CONVERSION = YES;
				CLANG_WARN_NON_LITERAL_NULL_CONVERSION = YES;
				CLANG_WARN_OBJC_IMPLICIT_RETAIN_SELF = YES;
				CLANG_WARN_OBJC_LITERAL_CONVERSION = YES;
				CLANG_WARN_OBJC_ROOT_CLASS = YES_ERROR;
				CLANG_WARN_QUOTED_INCLUDE_IN_FRAMEWORK_HEADER = YES;
				CLANG_WARN_RANGE_LOOP_ANALYSIS = YES;
				CLANG_WARN_STRICT_PROTOTYPES = YES;
				CLANG_WARN_SUSPICIOUS_MOVE = YES;
				CLANG_WARN_UNGUARDED_AVAILABILITY = YES_AGGRESSIVE;
				CLANG_WARN_UNREACHABLE_CODE = YES;
				CLANG_WARN__DUPLICATE_METHOD_MATCH = YES;
				COPY_PHASE_STRIP = NO;
				DEBUG_INFORMATION_FORMAT = dwarf;
				ENABLE_STRICT_OBJC_MSGSEND = YES;
				ENABLE_TESTABILITY = YES;
				GCC_C_LANGUAGE_STANDARD = gnu11;
				GCC_DYNAMIC_NO_PIC = NO;
				GCC_NO_COMMON_BLOCKS = YES;
				GCC_OPTIMIZATION_LEVEL = 0;
				GCC_PREPROCESSOR_DEFINITIONS = (
					"DEBUG=1",
					"$(inherited)",
				);
				GCC_WARN_64_TO_32_BIT_CONVERSION = YES;
				GCC_WARN_ABOUT_RETURN_TYPE = YES_ERROR;
				GCC_WARN_UNDECLARED_SELECTOR = YES;
				GCC_WARN_UNINITIALIZED_AUTOS = YES_AGGRESSIVE;
				GCC_WARN_UNUSED_FUNCTION = YES;
				GCC_WARN_UNUSED_VARIABLE = YES;
				IPHONEOS_DEPLOYMENT_TARGET = 16.0;
				MTL_ENABLE_DEBUG_INFO = INCLUDE_SOURCE;
				MTL_FAST_MATH = YES;
				ONLY_ACTIVE_ARCH = YES;
				SDKROOT = iphoneos;
				SWIFT_ACTIVE_COMPILATION_CONDITIONS = DEBUG;
				SWIFT_OPTIMIZATION_LEVEL = "-Onone";
			};
			name = Debug;
		};
		5136EF91294E0795002D8C75 /* Release */ = {
			isa = XCBuildConfiguration;
			buildSettings = {
				ALWAYS_SEARCH_USER_PATHS = NO;
				CLANG_ANALYZER_NONNULL = YES;
				CLANG_ANALYZER_NUMBER_OBJECT_CONVERSION = YES_AGGRESSIVE;
				CLANG_CXX_LANGUAGE_STANDARD = "gnu++20";
				CLANG_ENABLE_MODULES = YES;
				CLANG_ENABLE_OBJC_ARC = YES;
				CLANG_ENABLE_OBJC_WEAK = YES;
				CLANG_WARN_BLOCK_CAPTURE_AUTORELEASING = YES;
				CLANG_WARN_BOOL_CONVERSION = YES;
				CLANG_WARN_COMMA = YES;
				CLANG_WARN_CONSTANT_CONVERSION = YES;
				CLANG_WARN_DEPRECATED_OBJC_IMPLEMENTATIONS = YES;
				CLANG_WARN_DIRECT_OBJC_ISA_USAGE = YES_ERROR;
				CLANG_WARN_DOCUMENTATION_COMMENTS = YES;
				CLANG_WARN_EMPTY_BODY = YES;
				CLANG_WARN_ENUM_CONVERSION = YES;
				CLANG_WARN_INFINITE_RECURSION = YES;
				CLANG_WARN_INT_CONVERSION = YES;
				CLANG_WARN_NON_LITERAL_NULL_CONVERSION = YES;
				CLANG_WARN_OBJC_IMPLICIT_RETAIN_SELF = YES;
				CLANG_WARN_OBJC_LITERAL_CONVERSION = YES;
				CLANG_WARN_OBJC_ROOT_CLASS = YES_ERROR;
				CLANG_WARN_QUOTED_INCLUDE_IN_FRAMEWORK_HEADER = YES;
				CLANG_WARN_RANGE_LOOP_ANALYSIS = YES;
				CLANG_WARN_STRICT_PROTOTYPES = YES;
				CLANG_WARN_SUSPICIOUS_MOVE = YES;
				CLANG_WARN_UNGUARDED_AVAILABILITY = YES_AGGRESSIVE;
				CLANG_WARN_UNREACHABLE_CODE = YES;
				CLANG_WARN__DUPLICATE_METHOD_MATCH = YES;
				COPY_PHASE_STRIP = NO;
				DEBUG_INFORMATION_FORMAT = "dwarf-with-dsym";
				ENABLE_NS_ASSERTIONS = NO;
				ENABLE_STRICT_OBJC_MSGSEND = YES;
				GCC_C_LANGUAGE_STANDARD = gnu11;
				GCC_NO_COMMON_BLOCKS = YES;
				GCC_WARN_64_TO_32_BIT_CONVERSION = YES;
				GCC_WARN_ABOUT_RETURN_TYPE = YES_ERROR;
				GCC_WARN_UNDECLARED_SELECTOR = YES;
				GCC_WARN_UNINITIALIZED_AUTOS = YES_AGGRESSIVE;
				GCC_WARN_UNUSED_FUNCTION = YES;
				GCC_WARN_UNUSED_VARIABLE = YES;
				IPHONEOS_DEPLOYMENT_TARGET = 16.0;
				MTL_ENABLE_DEBUG_INFO = NO;
				MTL_FAST_MATH = YES;
				SDKROOT = iphoneos;
				SWIFT_COMPILATION_MODE = wholemodule;
				SWIFT_OPTIMIZATION_LEVEL = "-O";
				VALIDATE_PRODUCT = YES;
			};
			name = Release;
		};
		5136EF93294E0795002D8C75 /* Debug */ = {
			isa = XCBuildConfiguration;
			buildSettings = {
				ASSETCATALOG_COMPILER_APPICON_NAME = AppIcon;
				ASSETCATALOG_COMPILER_GLOBAL_ACCENT_COLOR_NAME = AccentColor;
				CODE_SIGN_STYLE = Automatic;
				CURRENT_PROJECT_VERSION = 1;
				DEVELOPMENT_ASSET_PATHS = "\"Overflow/Preview Content\"";
				DEVELOPMENT_TEAM = GB5Z88B74J;
				ENABLE_PREVIEWS = YES;
				GENERATE_INFOPLIST_FILE = YES;
				INFOPLIST_KEY_UIApplicationSceneManifest_Generation = YES;
				INFOPLIST_KEY_UIApplicationSupportsIndirectInputEvents = YES;
				INFOPLIST_KEY_UILaunchScreen_Generation = YES;
				INFOPLIST_KEY_UISupportedInterfaceOrientations_iPad = "UIInterfaceOrientationPortrait UIInterfaceOrientationPortraitUpsideDown UIInterfaceOrientationLandscapeLeft UIInterfaceOrientationLandscapeRight";
				INFOPLIST_KEY_UISupportedInterfaceOrientations_iPhone = "UIInterfaceOrientationPortrait UIInterfaceOrientationLandscapeLeft UIInterfaceOrientationLandscapeRight";
				LD_RUNPATH_SEARCH_PATHS = (
					"$(inherited)",
					"@executable_path/Frameworks",
				);
				MARKETING_VERSION = 1.0;
				PRODUCT_BUNDLE_IDENTIFIER = edu.testing.purposes.Overflow;
				PRODUCT_NAME = "$(TARGET_NAME)";
				SWIFT_EMIT_LOC_STRINGS = YES;
				SWIFT_VERSION = 5.0;
				TARGETED_DEVICE_FAMILY = "1,2";
			};
			name = Debug;
		};
		5136EF94294E0795002D8C75 /* Release */ = {
			isa = XCBuildConfiguration;
			buildSettings = {
				ASSETCATALOG_COMPILER_APPICON_NAME = AppIcon;
				ASSETCATALOG_COMPILER_GLOBAL_ACCENT_COLOR_NAME = AccentColor;
				CODE_SIGN_STYLE = Automatic;
				CURRENT_PROJECT_VERSION = 1;
				DEVELOPMENT_ASSET_PATHS = "\"Overflow/Preview Content\"";
				DEVELOPMENT_TEAM = GB5Z88B74J;
				ENABLE_PREVIEWS = YES;
				GENERATE_INFOPLIST_FILE = YES;
				INFOPLIST_KEY_UIApplicationSceneManifest_Generation = YES;
				INFOPLIST_KEY_UIApplicationSupportsIndirectInputEvents = YES;
				INFOPLIST_KEY_UILaunchScreen_Generation = YES;
				INFOPLIST_KEY_UISupportedInterfaceOrientations_iPad = "UIInterfaceOrientationPortrait UIInterfaceOrientationPortraitUpsideDown UIInterfaceOrientationLandscapeLeft UIInterfaceOrientationLandscapeRight";
				INFOPLIST_KEY_UISupportedInterfaceOrientations_iPhone = "UIInterfaceOrientationPortrait UIInterfaceOrientationLandscapeLeft UIInterfaceOrientationLandscapeRight";
				LD_RUNPATH_SEARCH_PATHS = (
					"$(inherited)",
					"@executable_path/Frameworks",
				);
				MARKETING_VERSION = 1.0;
				PRODUCT_BUNDLE_IDENTIFIER = edu.testing.purposes.Overflow;
				PRODUCT_NAME = "$(TARGET_NAME)";
				SWIFT_EMIT_LOC_STRINGS = YES;
				SWIFT_VERSION = 5.0;
				TARGETED_DEVICE_FAMILY = "1,2";
			};
			name = Release;
		};
/* End XCBuildConfiguration section */

/* Begin XCConfigurationList section */
		5136EF7F294E0792002D8C75 /* Build configuration list for PBXProject "Overflow" */ = {
			isa = XCConfigurationList;
			buildConfigurations = (
				5136EF90294E0795002D8C75 /* Debug */,
				5136EF91294E0795002D8C75 /* Release */,
			);
			defaultConfigurationIsVisible = 0;
			defaultConfigurationName = Release;
		};
		5136EF92294E0795002D8C75 /* Build configuration list for PBXNativeTarget "Overflow" */ = {
			isa = XCConfigurationList;
			buildConfigurations = (
				5136EF93294E0795002D8C75 /* Debug */,
				5136EF94294E0795002D8C75 /* Release */,
			);
			defaultConfigurationIsVisible = 0;
			defaultConfigurationName = Release;
		};
/* End XCConfigurationList section */
	};
	rootObject = 5136EF7C294E0792002D8C75 /* Project object */;
}
